// !$*UTF8*$!
{
	archiveVersion = 1;
	classes = {
	};
	objectVersion = 50;
	objects = {

/* Begin PBXBuildFile section */
		8F2F4399B7B9C5348229BFFC /* Pods_FoodDelivery.framework in Frameworks */ = {isa = PBXBuildFile; fileRef = 865C1D6F4A5E08EAEFDF1C03 /* Pods_FoodDelivery.framework */; };
		FC4ADAEB21E22AF1004CE8CA /* AppDelegate.swift in Sources */ = {isa = PBXBuildFile; fileRef = FC4ADAEA21E22AF1004CE8CA /* AppDelegate.swift */; };
		FC4ADAF321E22AF1004CE8CA /* FoodDelivery.xcdatamodeld in Sources */ = {isa = PBXBuildFile; fileRef = FC4ADAF121E22AF1004CE8CA /* FoodDelivery.xcdatamodeld */; };
		FC4ADAF521E22AF2004CE8CA /* Assets.xcassets in Resources */ = {isa = PBXBuildFile; fileRef = FC4ADAF421E22AF2004CE8CA /* Assets.xcassets */; };
		FC4ADAF821E22AF2004CE8CA /* LaunchScreen.storyboard in Resources */ = {isa = PBXBuildFile; fileRef = FC4ADAF621E22AF2004CE8CA /* LaunchScreen.storyboard */; };
		FC4ADB0421E22B51004CE8CA /* LoginViewController.swift in Sources */ = {isa = PBXBuildFile; fileRef = FC4ADB0321E22B51004CE8CA /* LoginViewController.swift */; };
		FC4ADB0621E22C12004CE8CA /* Colors.swift in Sources */ = {isa = PBXBuildFile; fileRef = FC4ADB0521E22C12004CE8CA /* Colors.swift */; };
/* End PBXBuildFile section */

/* Begin PBXFileReference section */
		35B9B3232E75BF1588FDF716 /* Pods-FoodDelivery.debug.xcconfig */ = {isa = PBXFileReference; includeInIndex = 1; lastKnownFileType = text.xcconfig; name = "Pods-FoodDelivery.debug.xcconfig"; path = "Pods/Target Support Files/Pods-FoodDelivery/Pods-FoodDelivery.debug.xcconfig"; sourceTree = "<group>"; };
		865C1D6F4A5E08EAEFDF1C03 /* Pods_FoodDelivery.framework */ = {isa = PBXFileReference; explicitFileType = wrapper.framework; includeInIndex = 0; path = Pods_FoodDelivery.framework; sourceTree = BUILT_PRODUCTS_DIR; };
		E043CC20D1054E887852E8DD /* Pods-FoodDelivery.release.xcconfig */ = {isa = PBXFileReference; includeInIndex = 1; lastKnownFileType = text.xcconfig; name = "Pods-FoodDelivery.release.xcconfig"; path = "Pods/Target Support Files/Pods-FoodDelivery/Pods-FoodDelivery.release.xcconfig"; sourceTree = "<group>"; };
		FC4ADAE721E22AF1004CE8CA /* FoodDelivery.app */ = {isa = PBXFileReference; explicitFileType = wrapper.application; includeInIndex = 0; path = FoodDelivery.app; sourceTree = BUILT_PRODUCTS_DIR; };
		FC4ADAEA21E22AF1004CE8CA /* AppDelegate.swift */ = {isa = PBXFileReference; lastKnownFileType = sourcecode.swift; path = AppDelegate.swift; sourceTree = "<group>"; };
		FC4ADAF221E22AF1004CE8CA /* FoodDelivery.xcdatamodel */ = {isa = PBXFileReference; lastKnownFileType = wrapper.xcdatamodel; path = FoodDelivery.xcdatamodel; sourceTree = "<group>"; };
		FC4ADAF421E22AF2004CE8CA /* Assets.xcassets */ = {isa = PBXFileReference; lastKnownFileType = folder.assetcatalog; path = Assets.xcassets; sourceTree = "<group>"; };
		FC4ADAF721E22AF2004CE8CA /* Base */ = {isa = PBXFileReference; lastKnownFileType = file.storyboard; name = Base; path = Base.lproj/LaunchScreen.storyboard; sourceTree = "<group>"; };
		FC4ADAF921E22AF2004CE8CA /* Info.plist */ = {isa = PBXFileReference; lastKnownFileType = text.plist.xml; path = Info.plist; sourceTree = "<group>"; };
		FC4ADB0321E22B51004CE8CA /* LoginViewController.swift */ = {isa = PBXFileReference; lastKnownFileType = sourcecode.swift; path = LoginViewController.swift; sourceTree = "<group>"; };
		FC4ADB0521E22C12004CE8CA /* Colors.swift */ = {isa = PBXFileReference; lastKnownFileType = sourcecode.swift; path = Colors.swift; sourceTree = "<group>"; };
/* End PBXFileReference section */

/* Begin PBXFrameworksBuildPhase section */
		FC4ADAE421E22AF1004CE8CA /* Frameworks */ = {
			isa = PBXFrameworksBuildPhase;
			buildActionMask = 2147483647;
			files = (
				8F2F4399B7B9C5348229BFFC /* Pods_FoodDelivery.framework in Frameworks */,
			);
			runOnlyForDeploymentPostprocessing = 0;
		};
/* End PBXFrameworksBuildPhase section */

/* Begin PBXGroup section */
		2DA51CCC9422E2F780DE6636 /* Frameworks */ = {
			isa = PBXGroup;
			children = (
				865C1D6F4A5E08EAEFDF1C03 /* Pods_FoodDelivery.framework */,
			);
			name = Frameworks;
			sourceTree = "<group>";
		};
		5FF5A8FBB3A0AD54F33FAEDF /* Pods */ = {
			isa = PBXGroup;
			children = (
				35B9B3232E75BF1588FDF716 /* Pods-FoodDelivery.debug.xcconfig */,
				E043CC20D1054E887852E8DD /* Pods-FoodDelivery.release.xcconfig */,
			);
			name = Pods;
			sourceTree = "<group>";
		};
		FC4ADADE21E22AF1004CE8CA = {
			isa = PBXGroup;
			children = (
				FC4ADAE921E22AF1004CE8CA /* FoodDelivery */,
				FC4ADAE821E22AF1004CE8CA /* Products */,
				5FF5A8FBB3A0AD54F33FAEDF /* Pods */,
				2DA51CCC9422E2F780DE6636 /* Frameworks */,
			);
			sourceTree = "<group>";
		};
		FC4ADAE821E22AF1004CE8CA /* Products */ = {
			isa = PBXGroup;
			children = (
				FC4ADAE721E22AF1004CE8CA /* FoodDelivery.app */,
			);
			name = Products;
			sourceTree = "<group>";
		};
		FC4ADAE921E22AF1004CE8CA /* FoodDelivery */ = {
			isa = PBXGroup;
			children = (
				FC4ADAFF21E22B0D004CE8CA /* Application */,
				FC4ADB0021E22B13004CE8CA /* Controllers */,
				FC4ADB0121E22B1C004CE8CA /* Design */,
				FC4ADB0221E22B26004CE8CA /* Extensions */,
				FC4ADAF421E22AF2004CE8CA /* Assets.xcassets */,
				FC4ADAF621E22AF2004CE8CA /* LaunchScreen.storyboard */,
				FC4ADAF921E22AF2004CE8CA /* Info.plist */,
				FC4ADAF121E22AF1004CE8CA /* FoodDelivery.xcdatamodeld */,
			);
			path = FoodDelivery;
			sourceTree = "<group>";
		};
		FC4ADAFF21E22B0D004CE8CA /* Application */ = {
			isa = PBXGroup;
			children = (
				FC4ADAEA21E22AF1004CE8CA /* AppDelegate.swift */,
			);
			path = Application;
			sourceTree = "<group>";
		};
		FC4ADB0021E22B13004CE8CA /* Controllers */ = {
			isa = PBXGroup;
			children = (
				FC4ADB0321E22B51004CE8CA /* LoginViewController.swift */,
			);
			path = Controllers;
			sourceTree = "<group>";
		};
		FC4ADB0121E22B1C004CE8CA /* Design */ = {
			isa = PBXGroup;
			children = (
				FC4ADB0521E22C12004CE8CA /* Colors.swift */,
			);
			path = Design;
			sourceTree = "<group>";
		};
		FC4ADB0221E22B26004CE8CA /* Extensions */ = {
			isa = PBXGroup;
			children = (
			);
			path = Extensions;
			sourceTree = "<group>";
		};
/* End PBXGroup section */

/* Begin PBXNativeTarget section */
		FC4ADAE621E22AF1004CE8CA /* FoodDelivery */ = {
			isa = PBXNativeTarget;
			buildConfigurationList = FC4ADAFC21E22AF2004CE8CA /* Build configuration list for PBXNativeTarget "FoodDelivery" */;
			buildPhases = (
				9DB4C843B00CCF4AC00CBCE4 /* [CP] Check Pods Manifest.lock */,
				FC4ADAE321E22AF1004CE8CA /* Sources */,
				FC4ADAE421E22AF1004CE8CA /* Frameworks */,
				FC4ADAE521E22AF1004CE8CA /* Resources */,
				4940C9B293FEFC979592A485 /* [CP] Embed Pods Frameworks */,
			);
			buildRules = (
			);
			dependencies = (
			);
			name = FoodDelivery;
			productName = FoodDelivery;
			productReference = FC4ADAE721E22AF1004CE8CA /* FoodDelivery.app */;
			productType = "com.apple.product-type.application";
		};
/* End PBXNativeTarget section */

/* Begin PBXProject section */
		FC4ADADF21E22AF1004CE8CA /* Project object */ = {
			isa = PBXProject;
			attributes = {
				LastSwiftUpdateCheck = 1010;
				LastUpgradeCheck = 1010;
				ORGANIZATIONNAME = "Jon McLean Development";
				TargetAttributes = {
					FC4ADAE621E22AF1004CE8CA = {
						CreatedOnToolsVersion = 10.1;
					};
				};
			};
			buildConfigurationList = FC4ADAE221E22AF1004CE8CA /* Build configuration list for PBXProject "FoodDelivery" */;
			compatibilityVersion = "Xcode 9.3";
			developmentRegion = en;
			hasScannedForEncodings = 0;
			knownRegions = (
				en,
				Base,
			);
			mainGroup = FC4ADADE21E22AF1004CE8CA;
			productRefGroup = FC4ADAE821E22AF1004CE8CA /* Products */;
			projectDirPath = "";
			projectRoot = "";
			targets = (
				FC4ADAE621E22AF1004CE8CA /* FoodDelivery */,
			);
		};
/* End PBXProject section */

/* Begin PBXResourcesBuildPhase section */
		FC4ADAE521E22AF1004CE8CA /* Resources */ = {
			isa = PBXResourcesBuildPhase;
			buildActionMask = 2147483647;
			files = (
				FC4ADAF821E22AF2004CE8CA /* LaunchScreen.storyboard in Resources */,
				FC4ADAF521E22AF2004CE8CA /* Assets.xcassets in Resources */,
			);
			runOnlyForDeploymentPostprocessing = 0;
		};
/* End PBXResourcesBuildPhase section */

/* Begin PBXShellScriptBuildPhase section */
		4940C9B293FEFC979592A485 /* [CP] Embed Pods Frameworks */ = {
			isa = PBXShellScriptBuildPhase;
			buildActionMask = 2147483647;
			files = (
			);
			inputFileListPaths = (
			);
			inputPaths = (
				"${SRCROOT}/Pods/Target Support Files/Pods-FoodDelivery/Pods-FoodDelivery-frameworks.sh",
				"${BUILT_PRODUCTS_DIR}/Alamofire/Alamofire.framework",
				"${BUILT_PRODUCTS_DIR}/SnapKit/SnapKit.framework",
				"${BUILT_PRODUCTS_DIR}/SwiftHEXColors/SwiftHEXColors.framework",
			);
			name = "[CP] Embed Pods Frameworks";
			outputFileListPaths = (
			);
			outputPaths = (
				"${TARGET_BUILD_DIR}/${FRAMEWORKS_FOLDER_PATH}/Alamofire.framework",
				"${TARGET_BUILD_DIR}/${FRAMEWORKS_FOLDER_PATH}/SnapKit.framework",
				"${TARGET_BUILD_DIR}/${FRAMEWORKS_FOLDER_PATH}/SwiftHEXColors.framework",
			);
			runOnlyForDeploymentPostprocessing = 0;
			shellPath = /bin/sh;
			shellScript = "\"${SRCROOT}/Pods/Target Support Files/Pods-FoodDelivery/Pods-FoodDelivery-frameworks.sh\"\n";
			showEnvVarsInLog = 0;
		};
		9DB4C843B00CCF4AC00CBCE4 /* [CP] Check Pods Manifest.lock */ = {
			isa = PBXShellScriptBuildPhase;
			buildActionMask = 2147483647;
			files = (
			);
			inputFileListPaths = (
			);
			inputPaths = (
				"${PODS_PODFILE_DIR_PATH}/Podfile.lock",
				"${PODS_ROOT}/Manifest.lock",
			);
			name = "[CP] Check Pods Manifest.lock";
			outputFileListPaths = (
			);
			outputPaths = (
				"$(DERIVED_FILE_DIR)/Pods-FoodDelivery-checkManifestLockResult.txt",
			);
			runOnlyForDeploymentPostprocessing = 0;
			shellPath = /bin/sh;
			shellScript = "diff \"${PODS_PODFILE_DIR_PATH}/Podfile.lock\" \"${PODS_ROOT}/Manifest.lock\" > /dev/null\nif [ $? != 0 ] ; then\n    # print error to STDERR\n    echo \"error: The sandbox is not in sync with the Podfile.lock. Run 'pod install' or update your CocoaPods installation.\" >&2\n    exit 1\nfi\n# This output is used by Xcode 'outputs' to avoid re-running this script phase.\necho \"SUCCESS\" > \"${SCRIPT_OUTPUT_FILE_0}\"\n";
			showEnvVarsInLog = 0;
		};
/* End PBXShellScriptBuildPhase section */

/* Begin PBXSourcesBuildPhase section */
		FC4ADAE321E22AF1004CE8CA /* Sources */ = {
			isa = PBXSourcesBuildPhase;
			buildActionMask = 2147483647;
			files = (
				FC4ADB0421E22B51004CE8CA /* LoginViewController.swift in Sources */,
				FC4ADB0621E22C12004CE8CA /* Colors.swift in Sources */,
				FC4ADAF321E22AF1004CE8CA /* FoodDelivery.xcdatamodeld in Sources */,
				FC4ADAEB21E22AF1004CE8CA /* AppDelegate.swift in Sources */,
			);
			runOnlyForDeploymentPostprocessing = 0;
		};
/* End PBXSourcesBuildPhase section */

/* Begin PBXVariantGroup section */
		FC4ADAF621E22AF2004CE8CA /* LaunchScreen.storyboard */ = {
			isa = PBXVariantGroup;
			children = (
				FC4ADAF721E22AF2004CE8CA /* Base */,
			);
			name = LaunchScreen.storyboard;
			sourceTree = "<group>";
		};
/* End PBXVariantGroup section */

/* Begin XCBuildConfiguration section */
		FC4ADAFA21E22AF2004CE8CA /* Debug */ = {
			isa = XCBuildConfiguration;
			buildSettings = {
				ALWAYS_SEARCH_USER_PATHS = NO;
				CLANG_ANALYZER_NONNULL = YES;
				CLANG_ANALYZER_NUMBER_OBJECT_CONVERSION = YES_AGGRESSIVE;
				CLANG_CXX_LANGUAGE_STANDARD = "gnu++14";
				CLANG_CXX_LIBRARY = "libc++";
				CLANG_ENABLE_MODULES = YES;
				CLANG_ENABLE_OBJC_ARC = YES;
				CLANG_ENABLE_OBJC_WEAK = YES;
				CLANG_WARN_BLOCK_CAPTURE_AUTORELEASING = YES;
				CLANG_WARN_BOOL_CONVERSION = YES;
				CLANG_WARN_COMMA = YES;
				CLANG_WARN_CONSTANT_CONVERSION = YES;
				CLANG_WARN_DEPRECATED_OBJC_IMPLEMENTATIONS = YES;
				CLANG_WARN_DIRECT_OBJC_ISA_USAGE = YES_ERROR;
				CLANG_WARN_DOCUMENTATION_COMMENTS = YES;
				CLANG_WARN_EMPTY_BODY = YES;
				CLANG_WARN_ENUM_CONVERSION = YES;
				CLANG_WARN_INFINITE_RECURSION = YES;
				CLANG_WARN_INT_CONVERSION = YES;
				CLANG_WARN_NON_LITERAL_NULL_CONVERSION = YES;
				CLANG_WARN_OBJC_IMPLICIT_RETAIN_SELF = YES;
				CLANG_WARN_OBJC_LITERAL_CONVERSION = YES;
				CLANG_WARN_OBJC_ROOT_CLASS = YES_ERROR;
				CLANG_WARN_RANGE_LOOP_ANALYSIS = YES;
				CLANG_WARN_STRICT_PROTOTYPES = YES;
				CLANG_WARN_SUSPICIOUS_MOVE = YES;
				CLANG_WARN_UNGUARDED_AVAILABILITY = YES_AGGRESSIVE;
				CLANG_WARN_UNREACHABLE_CODE = YES;
				CLANG_WARN__DUPLICATE_METHOD_MATCH = YES;
				CODE_SIGN_IDENTITY = "iPhone Developer";
				COPY_PHASE_STRIP = NO;
				DEBUG_INFORMATION_FORMAT = dwarf;
				ENABLE_STRICT_OBJC_MSGSEND = YES;
				ENABLE_TESTABILITY = YES;
				GCC_C_LANGUAGE_STANDARD = gnu11;
				GCC_DYNAMIC_NO_PIC = NO;
				GCC_NO_COMMON_BLOCKS = YES;
				GCC_OPTIMIZATION_LEVEL = 0;
				GCC_PREPROCESSOR_DEFINITIONS = (
					"DEBUG=1",
					"$(inherited)",
				);
				GCC_WARN_64_TO_32_BIT_CONVERSION = YES;
				GCC_WARN_ABOUT_RETURN_TYPE = YES_ERROR;
				GCC_WARN_UNDECLARED_SELECTOR = YES;
				GCC_WARN_UNINITIALIZED_AUTOS = YES_AGGRESSIVE;
				GCC_WARN_UNUSED_FUNCTION = YES;
				GCC_WARN_UNUSED_VARIABLE = YES;
				IPHONEOS_DEPLOYMENT_TARGET = 12.1;
				MTL_ENABLE_DEBUG_INFO = INCLUDE_SOURCE;
				MTL_FAST_MATH = YES;
				ONLY_ACTIVE_ARCH = YES;
				SDKROOT = iphoneos;
				SWIFT_ACTIVE_COMPILATION_CONDITIONS = DEBUG;
				SWIFT_OPTIMIZATION_LEVEL = "-Onone";
			};
			name = Debug;
		};
		FC4ADAFB21E22AF2004CE8CA /* Release */ = {
			isa = XCBuildConfiguration;
			buildSettings = {
				ALWAYS_SEARCH_USER_PATHS = NO;
				CLANG_ANALYZER_NONNULL = YES;
				CLANG_ANALYZER_NUMBER_OBJECT_CONVERSION = YES_AGGRESSIVE;
				CLANG_CXX_LANGUAGE_STANDARD = "gnu++14";
				CLANG_CXX_LIBRARY = "libc++";
				CLANG_ENABLE_MODULES = YES;
				CLANG_ENABLE_OBJC_ARC = YES;
				CLANG_ENABLE_OBJC_WEAK = YES;
				CLANG_WARN_BLOCK_CAPTURE_AUTORELEASING = YES;
				CLANG_WARN_BOOL_CONVERSION = YES;
				CLANG_WARN_COMMA = YES;
				CLANG_WARN_CONSTANT_CONVERSION = YES;
				CLANG_WARN_DEPRECATED_OBJC_IMPLEMENTATIONS = YES;
				CLANG_WARN_DIRECT_OBJC_ISA_USAGE = YES_ERROR;
				CLANG_WARN_DOCUMENTATION_COMMENTS = YES;
				CLANG_WARN_EMPTY_BODY = YES;
				CLANG_WARN_ENUM_CONVERSION = YES;
				CLANG_WARN_INFINITE_RECURSION = YES;
				CLANG_WARN_INT_CONVERSION = YES;
				CLANG_WARN_NON_LITERAL_NULL_CONVERSION = YES;
				CLANG_WARN_OBJC_IMPLICIT_RETAIN_SELF = YES;
				CLANG_WARN_OBJC_LITERAL_CONVERSION = YES;
				CLANG_WARN_OBJC_ROOT_CLASS = YES_ERROR;
				CLANG_WARN_RANGE_LOOP_ANALYSIS = YES;
				CLANG_WARN_STRICT_PROTOTYPES = YES;
				CLANG_WARN_SUSPICIOUS_MOVE = YES;
				CLANG_WARN_UNGUARDED_AVAILABILITY = YES_AGGRESSIVE;
				CLANG_WARN_UNREACHABLE_CODE = YES;
				CLANG_WARN__DUPLICATE_METHOD_MATCH = YES;
				CODE_SIGN_IDENTITY = "iPhone Developer";
				COPY_PHASE_STRIP = NO;
				DEBUG_INFORMATION_FORMAT = "dwarf-with-dsym";
				ENABLE_NS_ASSERTIONS = NO;
				ENABLE_STRICT_OBJC_MSGSEND = YES;
				GCC_C_LANGUAGE_STANDARD = gnu11;
				GCC_NO_COMMON_BLOCKS = YES;
				GCC_WARN_64_TO_32_BIT_CONVERSION = YES;
				GCC_WARN_ABOUT_RETURN_TYPE = YES_ERROR;
				GCC_WARN_UNDECLARED_SELECTOR = YES;
				GCC_WARN_UNINITIALIZED_AUTOS = YES_AGGRESSIVE;
				GCC_WARN_UNUSED_FUNCTION = YES;
				GCC_WARN_UNUSED_VARIABLE = YES;
				IPHONEOS_DEPLOYMENT_TARGET = 12.1;
				MTL_ENABLE_DEBUG_INFO = NO;
				MTL_FAST_MATH = YES;
				SDKROOT = iphoneos;
				SWIFT_COMPILATION_MODE = wholemodule;
				SWIFT_OPTIMIZATION_LEVEL = "-O";
				VALIDATE_PRODUCT = YES;
			};
			name = Release;
		};
		FC4ADAFD21E22AF2004CE8CA /* Debug */ = {
			isa = XCBuildConfiguration;
			baseConfigurationReference = 35B9B3232E75BF1588FDF716 /* Pods-FoodDelivery.debug.xcconfig */;
			buildSettings = {
				ASSETCATALOG_COMPILER_APPICON_NAME = AppIcon;
				CODE_SIGN_STYLE = Automatic;
				INFOPLIST_FILE = FoodDelivery/Info.plist;
				LD_RUNPATH_SEARCH_PATHS = (
					"$(inherited)",
					"@executable_path/Frameworks",
				);
				PRODUCT_BUNDLE_IDENTIFIER = com.fiverr.FoodDelivery;
				PRODUCT_NAME = "$(TARGET_NAME)";
				SWIFT_VERSION = 4.2;
				TARGETED_DEVICE_FAMILY = "1,2";
			};
			name = Debug;
		};
		FC4ADAFE21E22AF2004CE8CA /* Release */ = {
			isa = XCBuildConfiguration;
			baseConfigurationReference = E043CC20D1054E887852E8DD /* Pods-FoodDelivery.release.xcconfig */;
			buildSettings = {
				ASSETCATALOG_COMPILER_APPICON_NAME = AppIcon;
				CODE_SIGN_STYLE = Automatic;
				INFOPLIST_FILE = FoodDelivery/Info.plist;
				LD_RUNPATH_SEARCH_PATHS = (
					"$(inherited)",
					"@executable_path/Frameworks",
				);
				PRODUCT_BUNDLE_IDENTIFIER = com.fiverr.FoodDelivery;
				PRODUCT_NAME = "$(TARGET_NAME)";
				SWIFT_VERSION = 4.2;
				TARGETED_DEVICE_FAMILY = "1,2";
			};
			name = Release;
		};
/* End XCBuildConfiguration section */

/* Begin XCConfigurationList section */
		FC4ADAE221E22AF1004CE8CA /* Build configuration list for PBXProject "FoodDelivery" */ = {
			isa = XCConfigurationList;
			buildConfigurations = (
				FC4ADAFA21E22AF2004CE8CA /* Debug */,
				FC4ADAFB21E22AF2004CE8CA /* Release */,
			);
			defaultConfigurationIsVisible = 0;
			defaultConfigurationName = Release;
		};
		FC4ADAFC21E22AF2004CE8CA /* Build configuration list for PBXNativeTarget "FoodDelivery" */ = {
			isa = XCConfigurationList;
			buildConfigurations = (
				FC4ADAFD21E22AF2004CE8CA /* Debug */,
				FC4ADAFE21E22AF2004CE8CA /* Release */,
			);
			defaultConfigurationIsVisible = 0;
			defaultConfigurationName = Release;
		};
/* End XCConfigurationList section */

/* Begin XCVersionGroup section */
		FC4ADAF121E22AF1004CE8CA /* FoodDelivery.xcdatamodeld */ = {
			isa = XCVersionGroup;
			children = (
				FC4ADAF221E22AF1004CE8CA /* FoodDelivery.xcdatamodel */,
			);
			currentVersion = FC4ADAF221E22AF1004CE8CA /* FoodDelivery.xcdatamodel */;
			path = FoodDelivery.xcdatamodeld;
			sourceTree = "<group>";
			versionGroupType = wrapper.xcdatamodel;
		};
/* End XCVersionGroup section */
	};
	rootObject = FC4ADADF21E22AF1004CE8CA /* Project object */;
}
